
Microsoft Visual Studio Solution File, Format Version 12.00
# Visual Studio 15
VisualStudioVersion = 15.0.28307.757
MinimumVisualStudioVersion = 10.0.40219.1
Project("{FAE04EC0-301F-11D3-BF4B-00C04F79EFBC}") = "P2P_Chatt", "P2P_Chatt\P2P_Chatt.csproj", "{6B2940EB-6E46-4D32-B30B-3D29DAA0D59C}"
EndProject
Global
	GlobalSection(SolutionConfigurationPlatforms) = preSolution
		Debug|Any CPU = Debug|Any CPU
		Release|Any CPU = Release|Any CPU
	EndGlobalSection
	GlobalSection(ProjectConfigurationPlatforms) = postSolution
		{6B2940EB-6E46-4D32-B30B-3D29DAA0D59C}.Debug|Any CPU.ActiveCfg = Debug|Any CPU
		{6B2940EB-6E46-4D32-B30B-3D29DAA0D59C}.Debug|Any CPU.Build.0 = Debug|Any CPU
		{6B2940EB-6E46-4D32-B30B-3D29DAA0D59C}.Release|Any CPU.ActiveCfg = Release|Any CPU
		{6B2940EB-6E46-4D32-B30B-3D29DAA0D59C}.Release|Any CPU.Build.0 = Release|Any CPU
	EndGlobalSection
	GlobalSection(SolutionProperties) = preSolution
		HideSolutionNode = FALSE
	EndGlobalSection
	GlobalSection(ExtensibilityGlobals) = postSolution
		SolutionGuid = {C00F05FD-9ADB-4313-81DD-716C8F2D1FF4}
	EndGlobalSection
EndGlobal
